
Microsoft Visual Studio Solution File, Format Version 11.00
# Visual Studio 2010
Project("{FAE04EC0-301F-11D3-BF4B-00C04F79EFBC}") = "Assembly-CSharp", "Assembly-CSharp.csproj", "{A90CD65F-4C35-DB62-C327-13B91B513D10}"
EndProject
Project("{FAE04EC0-301F-11D3-BF4B-00C04F79EFBC}") = "Assembly-CSharp-Editor", "Assembly-CSharp-Editor.csproj", "{2CAD11FD-1B2C-C6CD-88B4-8A0FA4593DDA}"
EndProject
Global
	GlobalSection(SolutionConfigurationPlatforms) = preSolution
		Debug|Any CPU = Debug|Any CPU
		Release|Any CPU = Release|Any CPU
	EndGlobalSection
	GlobalSection(ProjectConfigurationPlatforms) = postSolution
		{A90CD65F-4C35-DB62-C327-13B91B513D10}.Debug|Any CPU.ActiveCfg = Debug|Any CPU
		{A90CD65F-4C35-DB62-C327-13B91B513D10}.Debug|Any CPU.Build.0 = Debug|Any CPU
		{A90CD65F-4C35-DB62-C327-13B91B513D10}.Release|Any CPU.ActiveCfg = Release|Any CPU
		{A90CD65F-4C35-DB62-C327-13B91B513D10}.Release|Any CPU.Build.0 = Release|Any CPU
		{2CAD11FD-1B2C-C6CD-88B4-8A0FA4593DDA}.Debug|Any CPU.ActiveCfg = Debug|Any CPU
		{2CAD11FD-1B2C-C6CD-88B4-8A0FA4593DDA}.Debug|Any CPU.Build.0 = Debug|Any CPU
		{2CAD11FD-1B2C-C6CD-88B4-8A0FA4593DDA}.Release|Any CPU.ActiveCfg = Release|Any CPU
		{2CAD11FD-1B2C-C6CD-88B4-8A0FA4593DDA}.Release|Any CPU.Build.0 = Release|Any CPU
	EndGlobalSection
	GlobalSection(SolutionProperties) = preSolution
		HideSolutionNode = FALSE
	EndGlobalSection
EndGlobal
